// !$*UTF8*$!
{
	archiveVersion = 1;
	classes = {
	};
	objectVersion = 56;
	objects = {

/* Begin PBXBuildFile section */
		EEB628FF2A59901700ED2B35 /* NetworkManager.swift in Sources */ = {isa = PBXBuildFile; fileRef = EEB628FE2A59901700ED2B35 /* NetworkManager.swift */; };
		EEB629012A59902400ED2B35 /* ResponseModels.swift in Sources */ = {isa = PBXBuildFile; fileRef = EEB629002A59902400ED2B35 /* ResponseModels.swift */; };
		EEE253842A51AD5E00B1429D /* AppDelegate.swift in Sources */ = {isa = PBXBuildFile; fileRef = EEE253832A51AD5E00B1429D /* AppDelegate.swift */; };
		EEE253862A51AD5E00B1429D /* SceneDelegate.swift in Sources */ = {isa = PBXBuildFile; fileRef = EEE253852A51AD5E00B1429D /* SceneDelegate.swift */; };
		EEE2538B2A51AD5E00B1429D /* Main.storyboard in Resources */ = {isa = PBXBuildFile; fileRef = EEE253892A51AD5E00B1429D /* Main.storyboard */; };
		EEE2538D2A51AD6000B1429D /* Assets.xcassets in Resources */ = {isa = PBXBuildFile; fileRef = EEE2538C2A51AD6000B1429D /* Assets.xcassets */; };
		EEE253902A51AD6000B1429D /* LaunchScreen.storyboard in Resources */ = {isa = PBXBuildFile; fileRef = EEE2538E2A51AD6000B1429D /* LaunchScreen.storyboard */; };
		EEE253B42A51AFBB00B1429D /* MainTableViewController.swift in Sources */ = {isa = PBXBuildFile; fileRef = EEE253B32A51AFBB00B1429D /* MainTableViewController.swift */; };
		EEE253B62A51B29E00B1429D /* Person.swift in Sources */ = {isa = PBXBuildFile; fileRef = EEE253B52A51B29E00B1429D /* Person.swift */; };
		EEE253B82A51BCA700B1429D /* PersonViewController.swift in Sources */ = {isa = PBXBuildFile; fileRef = EEE253B72A51BCA700B1429D /* PersonViewController.swift */; };
/* End PBXBuildFile section */

/* Begin PBXFileReference section */
		EEB628FE2A59901700ED2B35 /* NetworkManager.swift */ = {isa = PBXFileReference; lastKnownFileType = sourcecode.swift; path = NetworkManager.swift; sourceTree = "<group>"; };
		EEB629002A59902400ED2B35 /* ResponseModels.swift */ = {isa = PBXFileReference; lastKnownFileType = sourcecode.swift; path = ResponseModels.swift; sourceTree = "<group>"; };
		EEE253802A51AD5E00B1429D /* Lab 4.app */ = {isa = PBXFileReference; explicitFileType = wrapper.application; includeInIndex = 0; path = "Lab 4.app"; sourceTree = BUILT_PRODUCTS_DIR; };
		EEE253832A51AD5E00B1429D /* AppDelegate.swift */ = {isa = PBXFileReference; lastKnownFileType = sourcecode.swift; path = AppDelegate.swift; sourceTree = "<group>"; };
		EEE253852A51AD5E00B1429D /* SceneDelegate.swift */ = {isa = PBXFileReference; lastKnownFileType = sourcecode.swift; path = SceneDelegate.swift; sourceTree = "<group>"; };
		EEE2538A2A51AD5E00B1429D /* Base */ = {isa = PBXFileReference; lastKnownFileType = file.storyboard; name = Base; path = Base.lproj/Main.storyboard; sourceTree = "<group>"; };
		EEE2538C2A51AD6000B1429D /* Assets.xcassets */ = {isa = PBXFileReference; lastKnownFileType = folder.assetcatalog; path = Assets.xcassets; sourceTree = "<group>"; };
		EEE2538F2A51AD6000B1429D /* Base */ = {isa = PBXFileReference; lastKnownFileType = file.storyboard; name = Base; path = Base.lproj/LaunchScreen.storyboard; sourceTree = "<group>"; };
		EEE253912A51AD6000B1429D /* Info.plist */ = {isa = PBXFileReference; lastKnownFileType = text.plist.xml; path = Info.plist; sourceTree = "<group>"; };
		EEE253B32A51AFBB00B1429D /* MainTableViewController.swift */ = {isa = PBXFileReference; lastKnownFileType = sourcecode.swift; path = MainTableViewController.swift; sourceTree = "<group>"; };
		EEE253B52A51B29E00B1429D /* Person.swift */ = {isa = PBXFileReference; lastKnownFileType = sourcecode.swift; path = Person.swift; sourceTree = "<group>"; };
		EEE253B72A51BCA700B1429D /* PersonViewController.swift */ = {isa = PBXFileReference; lastKnownFileType = sourcecode.swift; path = PersonViewController.swift; sourceTree = "<group>"; };
/* End PBXFileReference section */

/* Begin PBXFrameworksBuildPhase section */
		EEE2537D2A51AD5E00B1429D /* Frameworks */ = {
			isa = PBXFrameworksBuildPhase;
			buildActionMask = 2147483647;
			files = (
			);
			runOnlyForDeploymentPostprocessing = 0;
		};
/* End PBXFrameworksBuildPhase section */

/* Begin PBXGroup section */
		EEB628FD2A598FF400ED2B35 /* Model */ = {
			isa = PBXGroup;
			children = (
				EEB628FE2A59901700ED2B35 /* NetworkManager.swift */,
				EEB629002A59902400ED2B35 /* ResponseModels.swift */,
			);
			path = Model;
			sourceTree = "<group>";
		};
		EEE253772A51AD5E00B1429D = {
			isa = PBXGroup;
			children = (
				EEE253822A51AD5E00B1429D /* Lab 4 */,
				EEE253812A51AD5E00B1429D /* Products */,
			);
			sourceTree = "<group>";
		};
		EEE253812A51AD5E00B1429D /* Products */ = {
			isa = PBXGroup;
			children = (
				EEE253802A51AD5E00B1429D /* Lab 4.app */,
			);
			name = Products;
			sourceTree = "<group>";
		};
		EEE253822A51AD5E00B1429D /* Lab 4 */ = {
			isa = PBXGroup;
			children = (
				EEB628FD2A598FF400ED2B35 /* Model */,
				EEE253832A51AD5E00B1429D /* AppDelegate.swift */,
				EEE253852A51AD5E00B1429D /* SceneDelegate.swift */,
				EEE253892A51AD5E00B1429D /* Main.storyboard */,
				EEE2538C2A51AD6000B1429D /* Assets.xcassets */,
				EEE2538E2A51AD6000B1429D /* LaunchScreen.storyboard */,
				EEE253912A51AD6000B1429D /* Info.plist */,
				EEE253B32A51AFBB00B1429D /* MainTableViewController.swift */,
				EEE253B52A51B29E00B1429D /* Person.swift */,
				EEE253B72A51BCA700B1429D /* PersonViewController.swift */,
			);
			path = "Lab 4";
			sourceTree = "<group>";
		};
/* End PBXGroup section */

/* Begin PBXNativeTarget section */
		EEE2537F2A51AD5E00B1429D /* Lab 4 */ = {
			isa = PBXNativeTarget;
			buildConfigurationList = EEE253AA2A51AD6000B1429D /* Build configuration list for PBXNativeTarget "Lab 4" */;
			buildPhases = (
				EEE2537C2A51AD5E00B1429D /* Sources */,
				EEE2537D2A51AD5E00B1429D /* Frameworks */,
				EEE2537E2A51AD5E00B1429D /* Resources */,
			);
			buildRules = (
			);
			dependencies = (
			);
			name = "Lab 4";
			productName = "Lab 4";
			productReference = EEE253802A51AD5E00B1429D /* Lab 4.app */;
			productType = "com.apple.product-type.application";
		};
/* End PBXNativeTarget section */

/* Begin PBXProject section */
		EEE253782A51AD5E00B1429D /* Project object */ = {
			isa = PBXProject;
			attributes = {
				BuildIndependentTargetsInParallel = 1;
				LastSwiftUpdateCheck = 1500;
				LastUpgradeCheck = 1500;
				TargetAttributes = {
					EEE2537F2A51AD5E00B1429D = {
						CreatedOnToolsVersion = 15.0;
					};
				};
			};
			buildConfigurationList = EEE2537B2A51AD5E00B1429D /* Build configuration list for PBXProject "Lab 4" */;
			compatibilityVersion = "Xcode 14.0";
			developmentRegion = en;
			hasScannedForEncodings = 0;
			knownRegions = (
				en,
				Base,
			);
			mainGroup = EEE253772A51AD5E00B1429D;
			productRefGroup = EEE253812A51AD5E00B1429D /* Products */;
			projectDirPath = "";
			projectRoot = "";
			targets = (
				EEE2537F2A51AD5E00B1429D /* Lab 4 */,
			);
		};
/* End PBXProject section */

/* Begin PBXResourcesBuildPhase section */
		EEE2537E2A51AD5E00B1429D /* Resources */ = {
			isa = PBXResourcesBuildPhase;
			buildActionMask = 2147483647;
			files = (
				EEE253902A51AD6000B1429D /* LaunchScreen.storyboard in Resources */,
				EEE2538D2A51AD6000B1429D /* Assets.xcassets in Resources */,
				EEE2538B2A51AD5E00B1429D /* Main.storyboard in Resources */,
			);
			runOnlyForDeploymentPostprocessing = 0;
		};
/* End PBXResourcesBuildPhase section */

/* Begin PBXSourcesBuildPhase section */
		EEE2537C2A51AD5E00B1429D /* Sources */ = {
			isa = PBXSourcesBuildPhase;
			buildActionMask = 2147483647;
			files = (
				EEB628FF2A59901700ED2B35 /* NetworkManager.swift in Sources */,
				EEE253B82A51BCA700B1429D /* PersonViewController.swift in Sources */,
				EEE253842A51AD5E00B1429D /* AppDelegate.swift in Sources */,
				EEE253B42A51AFBB00B1429D /* MainTableViewController.swift in Sources */,
				EEE253B62A51B29E00B1429D /* Person.swift in Sources */,
				EEE253862A51AD5E00B1429D /* SceneDelegate.swift in Sources */,
				EEB629012A59902400ED2B35 /* ResponseModels.swift in Sources */,
			);
			runOnlyForDeploymentPostprocessing = 0;
		};
/* End PBXSourcesBuildPhase section */

/* Begin PBXVariantGroup section */
		EEE253892A51AD5E00B1429D /* Main.storyboard */ = {
			isa = PBXVariantGroup;
			children = (
				EEE2538A2A51AD5E00B1429D /* Base */,
			);
			name = Main.storyboard;
			sourceTree = "<group>";
		};
		EEE2538E2A51AD6000B1429D /* LaunchScreen.storyboard */ = {
			isa = PBXVariantGroup;
			children = (
				EEE2538F2A51AD6000B1429D /* Base */,
			);
			name = LaunchScreen.storyboard;
			sourceTree = "<group>";
		};
/* End PBXVariantGroup section */

/* Begin XCBuildConfiguration section */
		EEE253A82A51AD6000B1429D /* Debug */ = {
			isa = XCBuildConfiguration;
			buildSettings = {
				ALWAYS_SEARCH_USER_PATHS = NO;
				ASSETCATALOG_COMPILER_GENERATE_SWIFT_ASSET_SYMBOL_EXTENSIONS = YES;
				CLANG_ANALYZER_NONNULL = YES;
				CLANG_ANALYZER_NUMBER_OBJECT_CONVERSION = YES_AGGRESSIVE;
				CLANG_CXX_LANGUAGE_STANDARD = "gnu++20";
				CLANG_ENABLE_MODULES = YES;
				CLANG_ENABLE_OBJC_ARC = YES;
				CLANG_ENABLE_OBJC_WEAK = YES;
				CLANG_WARN_BLOCK_CAPTURE_AUTORELEASING = YES;
				CLANG_WARN_BOOL_CONVERSION = YES;
				CLANG_WARN_COMMA = YES;
				CLANG_WARN_CONSTANT_CONVERSION = YES;
				CLANG_WARN_DEPRECATED_OBJC_IMPLEMENTATIONS = YES;
				CLANG_WARN_DIRECT_OBJC_ISA_USAGE = YES_ERROR;
				CLANG_WARN_DOCUMENTATION_COMMENTS = YES;
				CLANG_WARN_EMPTY_BODY = YES;
				CLANG_WARN_ENUM_CONVERSION = YES;
				CLANG_WARN_INFINITE_RECURSION = YES;
				CLANG_WARN_INT_CONVERSION = YES;
				CLANG_WARN_NON_LITERAL_NULL_CONVERSION = YES;
				CLANG_WARN_OBJC_IMPLICIT_RETAIN_SELF = YES;
				CLANG_WARN_OBJC_LITERAL_CONVERSION = YES;
				CLANG_WARN_OBJC_ROOT_CLASS = YES_ERROR;
				CLANG_WARN_QUOTED_INCLUDE_IN_FRAMEWORK_HEADER = YES;
				CLANG_WARN_RANGE_LOOP_ANALYSIS = YES;
				CLANG_WARN_STRICT_PROTOTYPES = YES;
				CLANG_WARN_SUSPICIOUS_MOVE = YES;
				CLANG_WARN_UNGUARDED_AVAILABILITY = YES_AGGRESSIVE;
				CLANG_WARN_UNREACHABLE_CODE = YES;
				CLANG_WARN__DUPLICATE_METHOD_MATCH = YES;
				COPY_PHASE_STRIP = NO;
				DEBUG_INFORMATION_FORMAT = dwarf;
				ENABLE_STRICT_OBJC_MSGSEND = YES;
				ENABLE_TESTABILITY = YES;
				ENABLE_USER_SCRIPT_SANDBOXING = YES;
				GCC_C_LANGUAGE_STANDARD = gnu17;
				GCC_DYNAMIC_NO_PIC = NO;
				GCC_NO_COMMON_BLOCKS = YES;
				GCC_OPTIMIZATION_LEVEL = 0;
				GCC_PREPROCESSOR_DEFINITIONS = (
					"DEBUG=1",
					"$(inherited)",
				);
				GCC_WARN_64_TO_32_BIT_CONVERSION = YES;
				GCC_WARN_ABOUT_RETURN_TYPE = YES_ERROR;
				GCC_WARN_UNDECLARED_SELECTOR = YES;
				GCC_WARN_UNINITIALIZED_AUTOS = YES_AGGRESSIVE;
				GCC_WARN_UNUSED_FUNCTION = YES;
				GCC_WARN_UNUSED_VARIABLE = YES;
				IPHONEOS_DEPLOYMENT_TARGET = 17.0;
				LOCALIZATION_PREFERS_STRING_CATALOGS = YES;
				MTL_ENABLE_DEBUG_INFO = INCLUDE_SOURCE;
				MTL_FAST_MATH = YES;
				ONLY_ACTIVE_ARCH = YES;
				SDKROOT = iphoneos;
				SWIFT_ACTIVE_COMPILATION_CONDITIONS = "DEBUG $(inherited)";
				SWIFT_OPTIMIZATION_LEVEL = "-Onone";
			};
			name = Debug;
		};
		EEE253A92A51AD6000B1429D /* Release */ = {
			isa = XCBuildConfiguration;
			buildSettings = {
				ALWAYS_SEARCH_USER_PATHS = NO;
				ASSETCATALOG_COMPILER_GENERATE_SWIFT_ASSET_SYMBOL_EXTENSIONS = YES;
				CLANG_ANALYZER_NONNULL = YES;
				CLANG_ANALYZER_NUMBER_OBJECT_CONVERSION = YES_AGGRESSIVE;
				CLANG_CXX_LANGUAGE_STANDARD = "gnu++20";
				CLANG_ENABLE_MODULES = YES;
				CLANG_ENABLE_OBJC_ARC = YES;
				CLANG_ENABLE_OBJC_WEAK = YES;
				CLANG_WARN_BLOCK_CAPTURE_AUTORELEASING = YES;
				CLANG_WARN_BOOL_CONVERSION = YES;
				CLANG_WARN_COMMA = YES;
				CLANG_WARN_CONSTANT_CONVERSION = YES;
				CLANG_WARN_DEPRECATED_OBJC_IMPLEMENTATIONS = YES;
				CLANG_WARN_DIRECT_OBJC_ISA_USAGE = YES_ERROR;
				CLANG_WARN_DOCUMENTATION_COMMENTS = YES;
				CLANG_WARN_EMPTY_BODY = YES;
				CLANG_WARN_ENUM_CONVERSION = YES;
				CLANG_WARN_INFINITE_RECURSION = YES;
				CLANG_WARN_INT_CONVERSION = YES;
				CLANG_WARN_NON_LITERAL_NULL_CONVERSION = YES;
				CLANG_WARN_OBJC_IMPLICIT_RETAIN_SELF = YES;
				CLANG_WARN_OBJC_LITERAL_CONVERSION = YES;
				CLANG_WARN_OBJC_ROOT_CLASS = YES_ERROR;
				CLANG_WARN_QUOTED_INCLUDE_IN_FRAMEWORK_HEADER = YES;
				CLANG_WARN_RANGE_LOOP_ANALYSIS = YES;
				CLANG_WARN_STRICT_PROTOTYPES = YES;
				CLANG_WARN_SUSPICIOUS_MOVE = YES;
				CLANG_WARN_UNGUARDED_AVAILABILITY = YES_AGGRESSIVE;
				CLANG_WARN_UNREACHABLE_CODE = YES;
				CLANG_WARN__DUPLICATE_METHOD_MATCH = YES;
				COPY_PHASE_STRIP = NO;
				DEBUG_INFORMATION_FORMAT = "dwarf-with-dsym";
				ENABLE_NS_ASSERTIONS = NO;
				ENABLE_STRICT_OBJC_MSGSEND = YES;
				ENABLE_USER_SCRIPT_SANDBOXING = YES;
				GCC_C_LANGUAGE_STANDARD = gnu17;
				GCC_NO_COMMON_BLOCKS = YES;
				GCC_WARN_64_TO_32_BIT_CONVERSION = YES;
				GCC_WARN_ABOUT_RETURN_TYPE = YES_ERROR;
				GCC_WARN_UNDECLARED_SELECTOR = YES;
				GCC_WARN_UNINITIALIZED_AUTOS = YES_AGGRESSIVE;
				GCC_WARN_UNUSED_FUNCTION = YES;
				GCC_WARN_UNUSED_VARIABLE = YES;
				IPHONEOS_DEPLOYMENT_TARGET = 17.0;
				LOCALIZATION_PREFERS_STRING_CATALOGS = YES;
				MTL_ENABLE_DEBUG_INFO = NO;
				MTL_FAST_MATH = YES;
				SDKROOT = iphoneos;
				SWIFT_COMPILATION_MODE = wholemodule;
				VALIDATE_PRODUCT = YES;
			};
			name = Release;
		};
		EEE253AB2A51AD6000B1429D /* Debug */ = {
			isa = XCBuildConfiguration;
			buildSettings = {
				ASSETCATALOG_COMPILER_APPICON_NAME = AppIcon;
				ASSETCATALOG_COMPILER_GLOBAL_ACCENT_COLOR_NAME = AccentColor;
				CODE_SIGN_STYLE = Automatic;
				CURRENT_PROJECT_VERSION = 1;
				DEVELOPMENT_TEAM = 4FV5WJHF4V;
				GENERATE_INFOPLIST_FILE = YES;
				INFOPLIST_FILE = "Lab 4/Info.plist";
				INFOPLIST_KEY_UIApplicationSupportsIndirectInputEvents = YES;
				INFOPLIST_KEY_UILaunchStoryboardName = LaunchScreen;
				INFOPLIST_KEY_UIMainStoryboardFile = Main;
				INFOPLIST_KEY_UISupportedInterfaceOrientations_iPad = "UIInterfaceOrientationPortrait UIInterfaceOrientationPortraitUpsideDown UIInterfaceOrientationLandscapeLeft UIInterfaceOrientationLandscapeRight";
				INFOPLIST_KEY_UISupportedInterfaceOrientations_iPhone = "UIInterfaceOrientationPortrait UIInterfaceOrientationLandscapeLeft UIInterfaceOrientationLandscapeRight";
				LD_RUNPATH_SEARCH_PATHS = (
					"$(inherited)",
					"@executable_path/Frameworks",
				);
				MARKETING_VERSION = 1.0;
				PRODUCT_BUNDLE_IDENTIFIER = "Shredding.Lab-4";
				PRODUCT_NAME = "$(TARGET_NAME)";
				SWIFT_EMIT_LOC_STRINGS = YES;
				SWIFT_VERSION = 5.0;
				TARGETED_DEVICE_FAMILY = "1,2";
			};
			name = Debug;
		};
		EEE253AC2A51AD6000B1429D /* Release */ = {
			isa = XCBuildConfiguration;
			buildSettings = {
				ASSETCATALOG_COMPILER_APPICON_NAME = AppIcon;
				ASSETCATALOG_COMPILER_GLOBAL_ACCENT_COLOR_NAME = AccentColor;
				CODE_SIGN_STYLE = Automatic;
				CURRENT_PROJECT_VERSION = 1;
				DEVELOPMENT_TEAM = 4FV5WJHF4V;
				GENERATE_INFOPLIST_FILE = YES;
				INFOPLIST_FILE = "Lab 4/Info.plist";
				INFOPLIST_KEY_UIApplicationSupportsIndirectInputEvents = YES;
				INFOPLIST_KEY_UILaunchStoryboardName = LaunchScreen;
				INFOPLIST_KEY_UIMainStoryboardFile = Main;
				INFOPLIST_KEY_UISupportedInterfaceOrientations_iPad = "UIInterfaceOrientationPortrait UIInterfaceOrientationPortraitUpsideDown UIInterfaceOrientationLandscapeLeft UIInterfaceOrientationLandscapeRight";
				INFOPLIST_KEY_UISupportedInterfaceOrientations_iPhone = "UIInterfaceOrientationPortrait UIInterfaceOrientationLandscapeLeft UIInterfaceOrientationLandscapeRight";
				LD_RUNPATH_SEARCH_PATHS = (
					"$(inherited)",
					"@executable_path/Frameworks",
				);
				MARKETING_VERSION = 1.0;
				PRODUCT_BUNDLE_IDENTIFIER = "Shredding.Lab-4";
				PRODUCT_NAME = "$(TARGET_NAME)";
				SWIFT_EMIT_LOC_STRINGS = YES;
				SWIFT_VERSION = 5.0;
				TARGETED_DEVICE_FAMILY = "1,2";
			};
			name = Release;
		};
/* End XCBuildConfiguration section */

/* Begin XCConfigurationList section */
		EEE2537B2A51AD5E00B1429D /* Build configuration list for PBXProject "Lab 4" */ = {
			isa = XCConfigurationList;
			buildConfigurations = (
				EEE253A82A51AD6000B1429D /* Debug */,
				EEE253A92A51AD6000B1429D /* Release */,
			);
			defaultConfigurationIsVisible = 0;
			defaultConfigurationName = Release;
		};
		EEE253AA2A51AD6000B1429D /* Build configuration list for PBXNativeTarget "Lab 4" */ = {
			isa = XCConfigurationList;
			buildConfigurations = (
				EEE253AB2A51AD6000B1429D /* Debug */,
				EEE253AC2A51AD6000B1429D /* Release */,
			);
			defaultConfigurationIsVisible = 0;
			defaultConfigurationName = Release;
		};
/* End XCConfigurationList section */
	};
	rootObject = EEE253782A51AD5E00B1429D /* Project object */;
}
